{
  "version": 1,
  "dependencies": {
    "net10.0": {
      "Appveyor.TestLogger": {
        "type": "Direct",
        "requested": "[2.0.0, )",
        "resolved": "2.0.0",
        "contentHash": "D2GsYP/5kddQss6vkX8edw6Dt+qHBN5+pv6DIF8vvb8ObFyiU/r/JK8A2RKE1ucC6nPojQUApvq8IJVNIjYedQ=="
      },
      "coverlet.collector": {
        "type": "Direct",
        "requested": "[10.0.1, )",
        "resolved": "10.0.1",
        "contentHash": "27jXSV/0DbVqF5jDrAxuQFZ9oaz6gmG03p8ttxAFk+X0M4woFYj7MoWDLCna5EGLb0CE6OE7X6ZH3Wt5smTtaA=="
      },
      "DotNet.ReproducibleBuilds": {
        "type": "Direct",
        "requested": "[2.0.5, )",
        "resolved": "2.0.5",
        "contentHash": "8LrlvI1KpjjJ4VGSqZ16yoOCKlQnYS+Y8rYNifNrscmVh5anJcF9E4e0NiDP30BHBMUbkoJ5KdcxoRWM7Pz9Aw=="
      },
      "Microsoft.NET.Test.Sdk": {
        "type": "Direct",
        "requested": "[18.9.0, )",
        "resolved": "18.9.0",
        "contentHash": "xIzVXa/VpKXqDWzyC/5Hw8JbFY5u9k3Jc53CpcjBiOXvkQGio484LD9FNwOiGUSMDcYL3Rcw9sNgGi5WrswlPQ==",
        "dependencies": {
          "Microsoft.CodeCoverage": "18.9.0",
          "Microsoft.TestPlatform.TestHost": "18.9.0"
        }
      },
      "NUnit": {
        "type": "Direct",
        "requested": "[4.6.1, )",
        "resolved": "4.6.1",
        "contentHash": "xS4+YaBFUv1r8bcAbjitSfYaRZGfMwUiMdiaRziBXZpKgVxKDSHhjUn0mV5mObHGZRZq6eNa+WFWr3g8grj66A=="
      },
      "NUnit.Analyzers": {
        "type": "Direct",
        "requested": "[4.14.0, )",
        "resolved": "4.14.0",
        "contentHash": "xrpVoRNnEkK16+LS/vP4Lfch6vQ+ZJJrxFHeWN799sBzn1IpBTw8YPgDyJeT0gPsq8kpUV/N6+vv2UpnXNBU/g=="
      },
      "NUnit.Engine": {
        "type": "Direct",
        "requested": "[3.22.0, )",
        "resolved": "3.22.0",
        "contentHash": "WxxCXQXg+BfXIEy1svVXIXaXy2y4mQWhsXPYU8abrBZ0X9zTDB8ChtuO3bRl+zWe8hzqgpEdqckqdVreyjMtwA==",
        "dependencies": {
          "NETStandard.Library": "2.0.0"
        }
      },
      "NUnit3TestAdapter": {
        "type": "Direct",
        "requested": "[6.2.0, )",
        "resolved": "6.2.0",
        "contentHash": "8PMJB8za2u8S0ey/nEtvh9BHjLhv5yzUEMCmA0+VIPLKSeOAZ3TEHWDyAp0+iPQb3jnBH1o8k0PoU2FgzXLRnQ==",
        "dependencies": {
          "Microsoft.Extensions.DependencyModel": "8.0.2",
          "Microsoft.Testing.Extensions.VSTestBridge": "2.1.0",
          "Microsoft.Testing.Platform.MSBuild": "2.1.0"
        }
      },
      "NunitXml.TestLogger": {
        "type": "Direct",
        "requested": "[8.0.0, )",
        "resolved": "8.0.0",
        "contentHash": "2a6ZitqCLjb3Lj3aYYKAe+6zMx/HVXqNVd/fXehHA+cNKZRB4wCxHu+PCb2r6DxospNCisMNjkPu1DYhnR+jyg=="
      },
      "StyleCop.Analyzers": {
        "type": "Direct",
        "requested": "[1.2.0-beta.556, )",
        "resolved": "1.2.0-beta.556",
        "contentHash": "llRPgmA1fhC0I0QyFLEcjvtM2239QzKr/tcnbsjArLMJxJlu0AA5G7Fft0OI30pHF3MW63Gf4aSSsjc5m82J1Q==",
        "dependencies": {
          "StyleCop.Analyzers.Unstable": "1.2.0.556"
        }
      },
      "Expressif.Syntax": {
        "type": "Transitive",
        "resolved": "0.28.0",
        "contentHash": "WHKuIeBbGvFp1cnW4+z1SFFDFfnqDLRF2XBemidJ7or/R+SWvykobfFLfrEwcJSsiFu6iync2ty0Wc/yH9A+6A==",
        "dependencies": {
          "TreeSitter.DotNet": "1.3.0"
        }
      },
      "Microsoft.ApplicationInsights": {
        "type": "Transitive",
        "resolved": "2.23.0",
        "contentHash": "nWArUZTdU7iqZLycLKWe0TDms48KKGE6pONH2terYNa8REXiqixrMOkf1sk5DHGMaUTqONU2YkS4SAXBhLStgw=="
      },
      "Microsoft.CodeCoverage": {
        "type": "Transitive",
        "resolved": "18.9.0",
        "contentHash": "MtegCIKGuG0r/LCdIjoR1HgzCGIUBhR3aNdbtQpts5vMXQuqBDZ2Jsd2uFKoHFM2XrQV6ZrDf3F5oLi3SLTp8w=="
      },
      "Microsoft.Extensions.DependencyModel": {
        "type": "Transitive",
        "resolved": "8.0.2",
        "contentHash": "mUBDZZRgZrSyFOsJ2qJJ9fXfqd/kXJwf3AiDoqLD9m6TjY5OO/vLNOb9fb4juC0487eq4hcGN/M2Rh/CKS7QYw=="
      },
      "Microsoft.NETCore.Platforms": {
        "type": "Transitive",
        "resolved": "1.1.0",
        "contentHash": "kz0PEW2lhqygehI/d6XsPCQzD7ff7gUJaVGPVETX611eadGsA3A877GdSlU0LRVMCTH/+P3o2iDTak+S08V2+A=="
      },
      "Microsoft.Testing.Extensions.Telemetry": {
        "type": "Transitive",
        "resolved": "2.1.0",
        "contentHash": "5TwgTx2u7k9Al/xbZ18QXq4Hdy2xewkVTI6K3sk+jY2ykqUkIKNuj7rFu3GOV5KnEUkevhw6eZcyZs77STHJIA==",
        "dependencies": {
          "Microsoft.ApplicationInsights": "2.23.0",
          "Microsoft.Testing.Platform": "2.1.0"
        }
      },
      "Microsoft.Testing.Extensions.TrxReport.Abstractions": {
        "type": "Transitive",
        "resolved": "2.1.0",
        "contentHash": "D8xmIJYQFJ6D49Rx5/vPrkZZxb338Jkew+eSqZLBfBiWKw4QZKy3i1BOXiLfz0lOmaNErwDz/YWRojCdNl+B9Q==",
        "dependencies": {
          "Microsoft.Testing.Platform": "2.1.0"
        }
      },
      "Microsoft.Testing.Extensions.VSTestBridge": {
        "type": "Transitive",
        "resolved": "2.1.0",
        "contentHash": "bNRIEA2YoGr+Y+7LHdA7i1U80+7BAdf4K4Qh4Kx6eKkoBK/NV7QpoMg+GWPP0/eqAFzuUmUOIPVZ87Oo0Vyxmw==",
        "dependencies": {
          "Microsoft.TestPlatform.ObjectModel": "18.0.1",
          "Microsoft.Testing.Extensions.Telemetry": "2.1.0",
          "Microsoft.Testing.Extensions.TrxReport.Abstractions": "2.1.0",
          "Microsoft.Testing.Platform": "2.1.0"
        }
      },
      "Microsoft.Testing.Platform": {
        "type": "Transitive",
        "resolved": "2.1.0",
        "contentHash": "aHkjNTGIA+Zbdw6RJgSFrbDrCjO0CgqpElqYcvkRSeUhBv2bKarnvU3ep786U7UqrPlArT/B7VmImRibJD0Zrg=="
      },
      "Microsoft.Testing.Platform.MSBuild": {
        "type": "Transitive",
        "resolved": "2.1.0",
        "contentHash": "UpfPebXQtHGrWz21+YLHmJSm+5zsuPE9U9pfdCtoB+67g75fDmWlNgpkH2ZmdVhSwkjNIed9Icg8Iu63z2ei5Q==",
        "dependencies": {
          "Microsoft.Testing.Platform": "2.1.0"
        }
      },
      "Microsoft.TestPlatform.ObjectModel": {
        "type": "Transitive",
        "resolved": "18.9.0",
        "contentHash": "Fz/qXC52VXXopzHj7v2reCKcCqSxkTDCkEDfkNAH0vni/7qK/KLMiEYtRmnUanxO2F2g2zZZ60qCpxF0AF7URA=="
      },
      "Microsoft.TestPlatform.TestHost": {
        "type": "Transitive",
        "resolved": "18.9.0",
        "contentHash": "Oq+Pma/J86aZL72t71bcESvDszDsTjUfl6PIsuDdPoKTHZfNMhKamCfLD5fKx51W/u0KozXtJo2/3fnt0sgPxg==",
        "dependencies": {
          "Microsoft.TestPlatform.ObjectModel": "18.9.0"
        }
      },
      "NETStandard.Library": {
        "type": "Transitive",
        "resolved": "2.0.0",
        "contentHash": "7jnbRU+L08FXKMxqUflxEXtVymWvNOrS8yHgu9s6EM8Anr6T/wIX4nZ08j/u3Asz+tCufp3YVwFSEvFTPYmBPA==",
        "dependencies": {
          "Microsoft.NETCore.Platforms": "1.1.0"
        }
      },
      "PocketCsvReader": {
        "type": "Transitive",
        "resolved": "2.36.34",
        "contentHash": "Cy9LjDvfXb4yf5/B6cSRIoFAzxXxehZptjZKNOYl2K5V9MCa1ny0yN7RaDFIfrA89tb/E87bGK/s9jF6SJLYGQ=="
      },
      "StyleCop.Analyzers.Unstable": {
        "type": "Transitive",
        "resolved": "1.2.0.556",
        "contentHash": "zvn9Mqs/ox/83cpYPignI8hJEM2A93s2HkHs8HYMOAQW0PkampyoErAiIyKxgTLqbbad29HX/shv/6LGSjPJNQ=="
      },
      "System.CommandLine": {
        "type": "Transitive",
        "resolved": "2.0.11",
        "contentHash": "Pmg3/T0M37ZS3ovwPHtfBNTCdqNpnxo+tnZMg8JDHVR0qD8KwcPUKlheEiZysb1En8IyH7yDoa9QDq97Ny/vhQ=="
      },
      "TreeSitter.DotNet": {
        "type": "Transitive",
        "resolved": "1.3.0",
        "contentHash": "VFl5j5UguKI3BvdQ/bbHDrDP1FG7lkEjv9LZCQ01bPe4NuAiXQVnEfuFRWdJ8TA9NmY/D7qqGkj8CuD3ptiDDw=="
      },
      "expressif": {
        "type": "Project",
        "dependencies": {
          "Expressif.Syntax": "[0.28.0, )"
        }
      },
      "Expressif-cli": {
        "type": "Project",
        "dependencies": {
          "Expressif": "[0.0.0, )",
          "PocketCsvReader": "[2.36.34, )",
          "System.CommandLine": "[2.*, )"
        }
      }
    },
    "net8.0": {
      "Appveyor.TestLogger": {
        "type": "Direct",
        "requested": "[2.0.0, )",
        "resolved": "2.0.0",
        "contentHash": "D2GsYP/5kddQss6vkX8edw6Dt+qHBN5+pv6DIF8vvb8ObFyiU/r/JK8A2RKE1ucC6nPojQUApvq8IJVNIjYedQ=="
      },
      "coverlet.collector": {
        "type": "Direct",
        "requested": "[10.0.1, )",
        "resolved": "10.0.1",
        "contentHash": "27jXSV/0DbVqF5jDrAxuQFZ9oaz6gmG03p8ttxAFk+X0M4woFYj7MoWDLCna5EGLb0CE6OE7X6ZH3Wt5smTtaA=="
      },
      "DotNet.ReproducibleBuilds": {
        "type": "Direct",
        "requested": "[2.0.5, )",
        "resolved": "2.0.5",
        "contentHash": "8LrlvI1KpjjJ4VGSqZ16yoOCKlQnYS+Y8rYNifNrscmVh5anJcF9E4e0NiDP30BHBMUbkoJ5KdcxoRWM7Pz9Aw=="
      },
      "Microsoft.NET.Test.Sdk": {
        "type": "Direct",
        "requested": "[18.9.0, )",
        "resolved": "18.9.0",
        "contentHash": "xIzVXa/VpKXqDWzyC/5Hw8JbFY5u9k3Jc53CpcjBiOXvkQGio484LD9FNwOiGUSMDcYL3Rcw9sNgGi5WrswlPQ==",
        "dependencies": {
          "Microsoft.CodeCoverage": "18.9.0",
          "Microsoft.TestPlatform.TestHost": "18.9.0"
        }
      },
      "NUnit": {
        "type": "Direct",
        "requested": "[4.6.1, )",
        "resolved": "4.6.1",
        "contentHash": "xS4+YaBFUv1r8bcAbjitSfYaRZGfMwUiMdiaRziBXZpKgVxKDSHhjUn0mV5mObHGZRZq6eNa+WFWr3g8grj66A=="
      },
      "NUnit.Analyzers": {
        "type": "Direct",
        "requested": "[4.14.0, )",
        "resolved": "4.14.0",
        "contentHash": "xrpVoRNnEkK16+LS/vP4Lfch6vQ+ZJJrxFHeWN799sBzn1IpBTw8YPgDyJeT0gPsq8kpUV/N6+vv2UpnXNBU/g=="
      },
      "NUnit.Engine": {
        "type": "Direct",
        "requested": "[3.22.0, )",
        "resolved": "3.22.0",
        "contentHash": "WxxCXQXg+BfXIEy1svVXIXaXy2y4mQWhsXPYU8abrBZ0X9zTDB8ChtuO3bRl+zWe8hzqgpEdqckqdVreyjMtwA==",
        "dependencies": {
          "NETStandard.Library": "2.0.0"
        }
      },
      "NUnit3TestAdapter": {
        "type": "Direct",
        "requested": "[6.2.0, )",
        "resolved": "6.2.0",
        "contentHash": "8PMJB8za2u8S0ey/nEtvh9BHjLhv5yzUEMCmA0+VIPLKSeOAZ3TEHWDyAp0+iPQb3jnBH1o8k0PoU2FgzXLRnQ==",
        "dependencies": {
          "Microsoft.Extensions.DependencyModel": "8.0.2",
          "Microsoft.Testing.Extensions.VSTestBridge": "2.1.0",
          "Microsoft.Testing.Platform.MSBuild": "2.1.0"
        }
      },
      "NunitXml.TestLogger": {
        "type": "Direct",
        "requested": "[8.0.0, )",
        "resolved": "8.0.0",
        "contentHash": "2a6ZitqCLjb3Lj3aYYKAe+6zMx/HVXqNVd/fXehHA+cNKZRB4wCxHu+PCb2r6DxospNCisMNjkPu1DYhnR+jyg=="
      },
      "StyleCop.Analyzers": {
        "type": "Direct",
        "requested": "[1.2.0-beta.556, )",
        "resolved": "1.2.0-beta.556",
        "contentHash": "llRPgmA1fhC0I0QyFLEcjvtM2239QzKr/tcnbsjArLMJxJlu0AA5G7Fft0OI30pHF3MW63Gf4aSSsjc5m82J1Q==",
        "dependencies": {
          "StyleCop.Analyzers.Unstable": "1.2.0.556"
        }
      },
      "Expressif.Syntax": {
        "type": "Transitive",
        "resolved": "0.28.0",
        "contentHash": "WHKuIeBbGvFp1cnW4+z1SFFDFfnqDLRF2XBemidJ7or/R+SWvykobfFLfrEwcJSsiFu6iync2ty0Wc/yH9A+6A==",
        "dependencies": {
          "TreeSitter.DotNet": "1.3.0"
        }
      },
      "Microsoft.ApplicationInsights": {
        "type": "Transitive",
        "resolved": "2.23.0",
        "contentHash": "nWArUZTdU7iqZLycLKWe0TDms48KKGE6pONH2terYNa8REXiqixrMOkf1sk5DHGMaUTqONU2YkS4SAXBhLStgw=="
      },
      "Microsoft.CodeCoverage": {
        "type": "Transitive",
        "resolved": "18.9.0",
        "contentHash": "MtegCIKGuG0r/LCdIjoR1HgzCGIUBhR3aNdbtQpts5vMXQuqBDZ2Jsd2uFKoHFM2XrQV6ZrDf3F5oLi3SLTp8w=="
      },
      "Microsoft.Extensions.DependencyModel": {
        "type": "Transitive",
        "resolved": "8.0.2",
        "contentHash": "mUBDZZRgZrSyFOsJ2qJJ9fXfqd/kXJwf3AiDoqLD9m6TjY5OO/vLNOb9fb4juC0487eq4hcGN/M2Rh/CKS7QYw=="
      },
      "Microsoft.NETCore.Platforms": {
        "type": "Transitive",
        "resolved": "1.1.0",
        "contentHash": "kz0PEW2lhqygehI/d6XsPCQzD7ff7gUJaVGPVETX611eadGsA3A877GdSlU0LRVMCTH/+P3o2iDTak+S08V2+A=="
      },
      "Microsoft.Testing.Extensions.Telemetry": {
        "type": "Transitive",
        "resolved": "2.1.0",
        "contentHash": "5TwgTx2u7k9Al/xbZ18QXq4Hdy2xewkVTI6K3sk+jY2ykqUkIKNuj7rFu3GOV5KnEUkevhw6eZcyZs77STHJIA==",
        "dependencies": {
          "Microsoft.ApplicationInsights": "2.23.0",
          "Microsoft.Testing.Platform": "2.1.0"
        }
      },
      "Microsoft.Testing.Extensions.TrxReport.Abstractions": {
        "type": "Transitive",
        "resolved": "2.1.0",
        "contentHash": "D8xmIJYQFJ6D49Rx5/vPrkZZxb338Jkew+eSqZLBfBiWKw4QZKy3i1BOXiLfz0lOmaNErwDz/YWRojCdNl+B9Q==",
        "dependencies": {
          "Microsoft.Testing.Platform": "2.1.0"
        }
      },
      "Microsoft.Testing.Extensions.VSTestBridge": {
        "type": "Transitive",
        "resolved": "2.1.0",
        "contentHash": "bNRIEA2YoGr+Y+7LHdA7i1U80+7BAdf4K4Qh4Kx6eKkoBK/NV7QpoMg+GWPP0/eqAFzuUmUOIPVZ87Oo0Vyxmw==",
        "dependencies": {
          "Microsoft.TestPlatform.ObjectModel": "18.0.1",
          "Microsoft.Testing.Extensions.Telemetry": "2.1.0",
          "Microsoft.Testing.Extensions.TrxReport.Abstractions": "2.1.0",
          "Microsoft.Testing.Platform": "2.1.0"
        }
      },
      "Microsoft.Testing.Platform": {
        "type": "Transitive",
        "resolved": "2.1.0",
        "contentHash": "aHkjNTGIA+Zbdw6RJgSFrbDrCjO0CgqpElqYcvkRSeUhBv2bKarnvU3ep786U7UqrPlArT/B7VmImRibJD0Zrg=="
      },
      "Microsoft.Testing.Platform.MSBuild": {
        "type": "Transitive",
        "resolved": "2.1.0",
        "contentHash": "UpfPebXQtHGrWz21+YLHmJSm+5zsuPE9U9pfdCtoB+67g75fDmWlNgpkH2ZmdVhSwkjNIed9Icg8Iu63z2ei5Q==",
        "dependencies": {
          "Microsoft.Testing.Platform": "2.1.0"
        }
      },
      "Microsoft.TestPlatform.ObjectModel": {
        "type": "Transitive",
        "resolved": "18.9.0",
        "contentHash": "Fz/qXC52VXXopzHj7v2reCKcCqSxkTDCkEDfkNAH0vni/7qK/KLMiEYtRmnUanxO2F2g2zZZ60qCpxF0AF7URA=="
      },
      "Microsoft.TestPlatform.TestHost": {
        "type": "Transitive",
        "resolved": "18.9.0",
        "contentHash": "Oq+Pma/J86aZL72t71bcESvDszDsTjUfl6PIsuDdPoKTHZfNMhKamCfLD5fKx51W/u0KozXtJo2/3fnt0sgPxg==",
        "dependencies": {
          "Microsoft.TestPlatform.ObjectModel": "18.9.0"
        }
      },
      "NETStandard.Library": {
        "type": "Transitive",
        "resolved": "2.0.0",
        "contentHash": "7jnbRU+L08FXKMxqUflxEXtVymWvNOrS8yHgu9s6EM8Anr6T/wIX4nZ08j/u3Asz+tCufp3YVwFSEvFTPYmBPA==",
        "dependencies": {
          "Microsoft.NETCore.Platforms": "1.1.0"
        }
      },
      "PocketCsvReader": {
        "type": "Transitive",
        "resolved": "2.36.34",
        "contentHash": "Cy9LjDvfXb4yf5/B6cSRIoFAzxXxehZptjZKNOYl2K5V9MCa1ny0yN7RaDFIfrA89tb/E87bGK/s9jF6SJLYGQ=="
      },
      "StyleCop.Analyzers.Unstable": {
        "type": "Transitive",
        "resolved": "1.2.0.556",
        "contentHash": "zvn9Mqs/ox/83cpYPignI8hJEM2A93s2HkHs8HYMOAQW0PkampyoErAiIyKxgTLqbbad29HX/shv/6LGSjPJNQ=="
      },
      "System.CommandLine": {
        "type": "Transitive",
        "resolved": "2.0.11",
        "contentHash": "Pmg3/T0M37ZS3ovwPHtfBNTCdqNpnxo+tnZMg8JDHVR0qD8KwcPUKlheEiZysb1En8IyH7yDoa9QDq97Ny/vhQ=="
      },
      "TreeSitter.DotNet": {
        "type": "Transitive",
        "resolved": "1.3.0",
        "contentHash": "VFl5j5UguKI3BvdQ/bbHDrDP1FG7lkEjv9LZCQ01bPe4NuAiXQVnEfuFRWdJ8TA9NmY/D7qqGkj8CuD3ptiDDw=="
      },
      "expressif": {
        "type": "Project",
        "dependencies": {
          "Expressif.Syntax": "[0.28.0, )"
        }
      },
      "Expressif-cli": {
        "type": "Project",
        "dependencies": {
          "Expressif": "[0.0.0, )",
          "PocketCsvReader": "[2.36.34, )",
          "System.CommandLine": "[2.*, )"
        }
      }
    },
    "net9.0": {
      "Appveyor.TestLogger": {
        "type": "Direct",
        "requested": "[2.0.0, )",
        "resolved": "2.0.0",
        "contentHash": "D2GsYP/5kddQss6vkX8edw6Dt+qHBN5+pv6DIF8vvb8ObFyiU/r/JK8A2RKE1ucC6nPojQUApvq8IJVNIjYedQ=="
      },
      "coverlet.collector": {
        "type": "Direct",
        "requested": "[10.0.1, )",
        "resolved": "10.0.1",
        "contentHash": "27jXSV/0DbVqF5jDrAxuQFZ9oaz6gmG03p8ttxAFk+X0M4woFYj7MoWDLCna5EGLb0CE6OE7X6ZH3Wt5smTtaA=="
      },
      "DotNet.ReproducibleBuilds": {
        "type": "Direct",
        "requested": "[2.0.5, )",
        "resolved": "2.0.5",
        "contentHash": "8LrlvI1KpjjJ4VGSqZ16yoOCKlQnYS+Y8rYNifNrscmVh5anJcF9E4e0NiDP30BHBMUbkoJ5KdcxoRWM7Pz9Aw=="
      },
      "Microsoft.NET.Test.Sdk": {
        "type": "Direct",
        "requested": "[18.9.0, )",
        "resolved": "18.9.0",
        "contentHash": "xIzVXa/VpKXqDWzyC/5Hw8JbFY5u9k3Jc53CpcjBiOXvkQGio484LD9FNwOiGUSMDcYL3Rcw9sNgGi5WrswlPQ==",
        "dependencies": {
          "Microsoft.CodeCoverage": "18.9.0",
          "Microsoft.TestPlatform.TestHost": "18.9.0"
        }
      },
      "NUnit": {
        "type": "Direct",
        "requested": "[4.6.1, )",
        "resolved": "4.6.1",
        "contentHash": "xS4+YaBFUv1r8bcAbjitSfYaRZGfMwUiMdiaRziBXZpKgVxKDSHhjUn0mV5mObHGZRZq6eNa+WFWr3g8grj66A=="
      },
      "NUnit.Analyzers": {
        "type": "Direct",
        "requested": "[4.14.0, )",
        "resolved": "4.14.0",
        "contentHash": "xrpVoRNnEkK16+LS/vP4Lfch6vQ+ZJJrxFHeWN799sBzn1IpBTw8YPgDyJeT0gPsq8kpUV/N6+vv2UpnXNBU/g=="
      },
      "NUnit.Engine": {
        "type": "Direct",
        "requested": "[3.22.0, )",
        "resolved": "3.22.0",
        "contentHash": "WxxCXQXg+BfXIEy1svVXIXaXy2y4mQWhsXPYU8abrBZ0X9zTDB8ChtuO3bRl+zWe8hzqgpEdqckqdVreyjMtwA==",
        "dependencies": {
          "NETStandard.Library": "2.0.0"
        }
      },
      "NUnit3TestAdapter": {
        "type": "Direct",
        "requested": "[6.2.0, )",
        "resolved": "6.2.0",
        "contentHash": "8PMJB8za2u8S0ey/nEtvh9BHjLhv5yzUEMCmA0+VIPLKSeOAZ3TEHWDyAp0+iPQb3jnBH1o8k0PoU2FgzXLRnQ==",
        "dependencies": {
          "Microsoft.Extensions.DependencyModel": "8.0.2",
          "Microsoft.Testing.Extensions.VSTestBridge": "2.1.0",
          "Microsoft.Testing.Platform.MSBuild": "2.1.0"
        }
      },
      "NunitXml.TestLogger": {
        "type": "Direct",
        "requested": "[8.0.0, )",
        "resolved": "8.0.0",
        "contentHash": "2a6ZitqCLjb3Lj3aYYKAe+6zMx/HVXqNVd/fXehHA+cNKZRB4wCxHu+PCb2r6DxospNCisMNjkPu1DYhnR+jyg=="
      },
      "StyleCop.Analyzers": {
        "type": "Direct",
        "requested": "[1.2.0-beta.556, )",
        "resolved": "1.2.0-beta.556",
        "contentHash": "llRPgmA1fhC0I0QyFLEcjvtM2239QzKr/tcnbsjArLMJxJlu0AA5G7Fft0OI30pHF3MW63Gf4aSSsjc5m82J1Q==",
        "dependencies": {
          "StyleCop.Analyzers.Unstable": "1.2.0.556"
        }
      },
      "Expressif.Syntax": {
        "type": "Transitive",
        "resolved": "0.28.0",
        "contentHash": "WHKuIeBbGvFp1cnW4+z1SFFDFfnqDLRF2XBemidJ7or/R+SWvykobfFLfrEwcJSsiFu6iync2ty0Wc/yH9A+6A==",
        "dependencies": {
          "TreeSitter.DotNet": "1.3.0"
        }
      },
      "Microsoft.ApplicationInsights": {
        "type": "Transitive",
        "resolved": "2.23.0",
        "contentHash": "nWArUZTdU7iqZLycLKWe0TDms48KKGE6pONH2terYNa8REXiqixrMOkf1sk5DHGMaUTqONU2YkS4SAXBhLStgw=="
      },
      "Microsoft.CodeCoverage": {
        "type": "Transitive",
        "resolved": "18.9.0",
        "contentHash": "MtegCIKGuG0r/LCdIjoR1HgzCGIUBhR3aNdbtQpts5vMXQuqBDZ2Jsd2uFKoHFM2XrQV6ZrDf3F5oLi3SLTp8w=="
      },
      "Microsoft.Extensions.DependencyModel": {
        "type": "Transitive",
        "resolved": "8.0.2",
        "contentHash": "mUBDZZRgZrSyFOsJ2qJJ9fXfqd/kXJwf3AiDoqLD9m6TjY5OO/vLNOb9fb4juC0487eq4hcGN/M2Rh/CKS7QYw=="
      },
      "Microsoft.NETCore.Platforms": {
        "type": "Transitive",
        "resolved": "1.1.0",
        "contentHash": "kz0PEW2lhqygehI/d6XsPCQzD7ff7gUJaVGPVETX611eadGsA3A877GdSlU0LRVMCTH/+P3o2iDTak+S08V2+A=="
      },
      "Microsoft.Testing.Extensions.Telemetry": {
        "type": "Transitive",
        "resolved": "2.1.0",
        "contentHash": "5TwgTx2u7k9Al/xbZ18QXq4Hdy2xewkVTI6K3sk+jY2ykqUkIKNuj7rFu3GOV5KnEUkevhw6eZcyZs77STHJIA==",
        "dependencies": {
          "Microsoft.ApplicationInsights": "2.23.0",
          "Microsoft.Testing.Platform": "2.1.0"
        }
      },
      "Microsoft.Testing.Extensions.TrxReport.Abstractions": {
        "type": "Transitive",
        "resolved": "2.1.0",
        "contentHash": "D8xmIJYQFJ6D49Rx5/vPrkZZxb338Jkew+eSqZLBfBiWKw4QZKy3i1BOXiLfz0lOmaNErwDz/YWRojCdNl+B9Q==",
        "dependencies": {
          "Microsoft.Testing.Platform": "2.1.0"
        }
      },
      "Microsoft.Testing.Extensions.VSTestBridge": {
        "type": "Transitive",
        "resolved": "2.1.0",
        "contentHash": "bNRIEA2YoGr+Y+7LHdA7i1U80+7BAdf4K4Qh4Kx6eKkoBK/NV7QpoMg+GWPP0/eqAFzuUmUOIPVZ87Oo0Vyxmw==",
        "dependencies": {
          "Microsoft.TestPlatform.ObjectModel": "18.0.1",
          "Microsoft.Testing.Extensions.Telemetry": "2.1.0",
          "Microsoft.Testing.Extensions.TrxReport.Abstractions": "2.1.0",
          "Microsoft.Testing.Platform": "2.1.0"
        }
      },
      "Microsoft.Testing.Platform": {
        "type": "Transitive",
        "resolved": "2.1.0",
        "contentHash": "aHkjNTGIA+Zbdw6RJgSFrbDrCjO0CgqpElqYcvkRSeUhBv2bKarnvU3ep786U7UqrPlArT/B7VmImRibJD0Zrg=="
      },
      "Microsoft.Testing.Platform.MSBuild": {
        "type": "Transitive",
        "resolved": "2.1.0",
        "contentHash": "UpfPebXQtHGrWz21+YLHmJSm+5zsuPE9U9pfdCtoB+67g75fDmWlNgpkH2ZmdVhSwkjNIed9Icg8Iu63z2ei5Q==",
        "dependencies": {
          "Microsoft.Testing.Platform": "2.1.0"
        }
      },
      "Microsoft.TestPlatform.ObjectModel": {
        "type": "Transitive",
        "resolved": "18.9.0",
        "contentHash": "Fz/qXC52VXXopzHj7v2reCKcCqSxkTDCkEDfkNAH0vni/7qK/KLMiEYtRmnUanxO2F2g2zZZ60qCpxF0AF7URA=="
      },
      "Microsoft.TestPlatform.TestHost": {
        "type": "Transitive",
        "resolved": "18.9.0",
        "contentHash": "Oq+Pma/J86aZL72t71bcESvDszDsTjUfl6PIsuDdPoKTHZfNMhKamCfLD5fKx51W/u0KozXtJo2/3fnt0sgPxg==",
        "dependencies": {
          "Microsoft.TestPlatform.ObjectModel": "18.9.0"
        }
      },
      "NETStandard.Library": {
        "type": "Transitive",
        "resolved": "2.0.0",
        "contentHash": "7jnbRU+L08FXKMxqUflxEXtVymWvNOrS8yHgu9s6EM8Anr6T/wIX4nZ08j/u3Asz+tCufp3YVwFSEvFTPYmBPA==",
        "dependencies": {
          "Microsoft.NETCore.Platforms": "1.1.0"
        }
      },
      "PocketCsvReader": {
        "type": "Transitive",
        "resolved": "2.36.34",
        "contentHash": "Cy9LjDvfXb4yf5/B6cSRIoFAzxXxehZptjZKNOYl2K5V9MCa1ny0yN7RaDFIfrA89tb/E87bGK/s9jF6SJLYGQ=="
      },
      "StyleCop.Analyzers.Unstable": {
        "type": "Transitive",
        "resolved": "1.2.0.556",
        "contentHash": "zvn9Mqs/ox/83cpYPignI8hJEM2A93s2HkHs8HYMOAQW0PkampyoErAiIyKxgTLqbbad29HX/shv/6LGSjPJNQ=="
      },
      "System.CommandLine": {
        "type": "Transitive",
        "resolved": "2.0.11",
        "contentHash": "Pmg3/T0M37ZS3ovwPHtfBNTCdqNpnxo+tnZMg8JDHVR0qD8KwcPUKlheEiZysb1En8IyH7yDoa9QDq97Ny/vhQ=="
      },
      "TreeSitter.DotNet": {
        "type": "Transitive",
        "resolved": "1.3.0",
        "contentHash": "VFl5j5UguKI3BvdQ/bbHDrDP1FG7lkEjv9LZCQ01bPe4NuAiXQVnEfuFRWdJ8TA9NmY/D7qqGkj8CuD3ptiDDw=="
      },
      "expressif": {
        "type": "Project",
        "dependencies": {
          "Expressif.Syntax": "[0.28.0, )"
        }
      },
      "Expressif-cli": {
        "type": "Project",
        "dependencies": {
          "Expressif": "[0.0.0, )",
          "PocketCsvReader": "[2.36.34, )",
          "System.CommandLine": "[2.*, )"
        }
      }
    }
  }
}