{
  "version": 1,
  "dependencies": {
    "net10.0": {
      "DotNet.ReproducibleBuilds": {
        "type": "Direct",
        "requested": "[2.0.5, )",
        "resolved": "2.0.5",
        "contentHash": "8LrlvI1KpjjJ4VGSqZ16yoOCKlQnYS+Y8rYNifNrscmVh5anJcF9E4e0NiDP30BHBMUbkoJ5KdcxoRWM7Pz9Aw=="
      },
      "PocketCsvReader": {
        "type": "Direct",
        "requested": "[2.36.34, )",
        "resolved": "2.36.34",
        "contentHash": "Cy9LjDvfXb4yf5/B6cSRIoFAzxXxehZptjZKNOYl2K5V9MCa1ny0yN7RaDFIfrA89tb/E87bGK/s9jF6SJLYGQ=="
      },
      "StyleCop.Analyzers": {
        "type": "Direct",
        "requested": "[1.2.0-beta.556, )",
        "resolved": "1.2.0-beta.556",
        "contentHash": "llRPgmA1fhC0I0QyFLEcjvtM2239QzKr/tcnbsjArLMJxJlu0AA5G7Fft0OI30pHF3MW63Gf4aSSsjc5m82J1Q==",
        "dependencies": {
          "StyleCop.Analyzers.Unstable": "1.2.0.556"
        }
      },
      "System.CommandLine": {
        "type": "Direct",
        "requested": "[2.*, )",
        "resolved": "2.0.11",
        "contentHash": "Pmg3/T0M37ZS3ovwPHtfBNTCdqNpnxo+tnZMg8JDHVR0qD8KwcPUKlheEiZysb1En8IyH7yDoa9QDq97Ny/vhQ=="
      },
      "Expressif.Syntax": {
        "type": "Transitive",
        "resolved": "0.29.0",
        "contentHash": "tfePgRVqH3IVww9K7CioNzZ0qlaqK6qBS8tXx2SuEKP8FyBW4LXbhBKp2SaAppPGzmzv2VBB8tUsQwF7JBrwEw==",
        "dependencies": {
          "TreeSitter.DotNet": "1.3.0"
        }
      },
      "StyleCop.Analyzers.Unstable": {
        "type": "Transitive",
        "resolved": "1.2.0.556",
        "contentHash": "zvn9Mqs/ox/83cpYPignI8hJEM2A93s2HkHs8HYMOAQW0PkampyoErAiIyKxgTLqbbad29HX/shv/6LGSjPJNQ=="
      },
      "TreeSitter.DotNet": {
        "type": "Transitive",
        "resolved": "1.3.0",
        "contentHash": "VFl5j5UguKI3BvdQ/bbHDrDP1FG7lkEjv9LZCQ01bPe4NuAiXQVnEfuFRWdJ8TA9NmY/D7qqGkj8CuD3ptiDDw=="
      },
      "expressif": {
        "type": "Project",
        "dependencies": {
          "Expressif.Syntax": "[0.29.0, )"
        }
      }
    },
    "net10.0/linux-musl-x64": {
      "Expressif.Syntax": {
        "type": "Transitive",
        "resolved": "0.29.0",
        "contentHash": "tfePgRVqH3IVww9K7CioNzZ0qlaqK6qBS8tXx2SuEKP8FyBW4LXbhBKp2SaAppPGzmzv2VBB8tUsQwF7JBrwEw==",
        "dependencies": {
          "TreeSitter.DotNet": "1.3.0"
        }
      },
      "TreeSitter.DotNet": {
        "type": "Transitive",
        "resolved": "1.3.0",
        "contentHash": "VFl5j5UguKI3BvdQ/bbHDrDP1FG7lkEjv9LZCQ01bPe4NuAiXQVnEfuFRWdJ8TA9NmY/D7qqGkj8CuD3ptiDDw=="
      }
    },
    "net10.0/linux-x64": {
      "Expressif.Syntax": {
        "type": "Transitive",
        "resolved": "0.29.0",
        "contentHash": "tfePgRVqH3IVww9K7CioNzZ0qlaqK6qBS8tXx2SuEKP8FyBW4LXbhBKp2SaAppPGzmzv2VBB8tUsQwF7JBrwEw==",
        "dependencies": {
          "TreeSitter.DotNet": "1.3.0"
        }
      },
      "TreeSitter.DotNet": {
        "type": "Transitive",
        "resolved": "1.3.0",
        "contentHash": "VFl5j5UguKI3BvdQ/bbHDrDP1FG7lkEjv9LZCQ01bPe4NuAiXQVnEfuFRWdJ8TA9NmY/D7qqGkj8CuD3ptiDDw=="
      }
    },
    "net10.0/win-arm64": {
      "Expressif.Syntax": {
        "type": "Transitive",
        "resolved": "0.29.0",
        "contentHash": "tfePgRVqH3IVww9K7CioNzZ0qlaqK6qBS8tXx2SuEKP8FyBW4LXbhBKp2SaAppPGzmzv2VBB8tUsQwF7JBrwEw==",
        "dependencies": {
          "TreeSitter.DotNet": "1.3.0"
        }
      },
      "TreeSitter.DotNet": {
        "type": "Transitive",
        "resolved": "1.3.0",
        "contentHash": "VFl5j5UguKI3BvdQ/bbHDrDP1FG7lkEjv9LZCQ01bPe4NuAiXQVnEfuFRWdJ8TA9NmY/D7qqGkj8CuD3ptiDDw=="
      }
    },
    "net10.0/win-x64": {
      "Expressif.Syntax": {
        "type": "Transitive",
        "resolved": "0.29.0",
        "contentHash": "tfePgRVqH3IVww9K7CioNzZ0qlaqK6qBS8tXx2SuEKP8FyBW4LXbhBKp2SaAppPGzmzv2VBB8tUsQwF7JBrwEw==",
        "dependencies": {
          "TreeSitter.DotNet": "1.3.0"
        }
      },
      "TreeSitter.DotNet": {
        "type": "Transitive",
        "resolved": "1.3.0",
        "contentHash": "VFl5j5UguKI3BvdQ/bbHDrDP1FG7lkEjv9LZCQ01bPe4NuAiXQVnEfuFRWdJ8TA9NmY/D7qqGkj8CuD3ptiDDw=="
      }
    },
    "net8.0": {
      "DotNet.ReproducibleBuilds": {
        "type": "Direct",
        "requested": "[2.0.5, )",
        "resolved": "2.0.5",
        "contentHash": "8LrlvI1KpjjJ4VGSqZ16yoOCKlQnYS+Y8rYNifNrscmVh5anJcF9E4e0NiDP30BHBMUbkoJ5KdcxoRWM7Pz9Aw=="
      },
      "PocketCsvReader": {
        "type": "Direct",
        "requested": "[2.36.34, )",
        "resolved": "2.36.34",
        "contentHash": "Cy9LjDvfXb4yf5/B6cSRIoFAzxXxehZptjZKNOYl2K5V9MCa1ny0yN7RaDFIfrA89tb/E87bGK/s9jF6SJLYGQ=="
      },
      "StyleCop.Analyzers": {
        "type": "Direct",
        "requested": "[1.2.0-beta.556, )",
        "resolved": "1.2.0-beta.556",
        "contentHash": "llRPgmA1fhC0I0QyFLEcjvtM2239QzKr/tcnbsjArLMJxJlu0AA5G7Fft0OI30pHF3MW63Gf4aSSsjc5m82J1Q==",
        "dependencies": {
          "StyleCop.Analyzers.Unstable": "1.2.0.556"
        }
      },
      "System.CommandLine": {
        "type": "Direct",
        "requested": "[2.*, )",
        "resolved": "2.0.11",
        "contentHash": "Pmg3/T0M37ZS3ovwPHtfBNTCdqNpnxo+tnZMg8JDHVR0qD8KwcPUKlheEiZysb1En8IyH7yDoa9QDq97Ny/vhQ=="
      },
      "Expressif.Syntax": {
        "type": "Transitive",
        "resolved": "0.29.0",
        "contentHash": "tfePgRVqH3IVww9K7CioNzZ0qlaqK6qBS8tXx2SuEKP8FyBW4LXbhBKp2SaAppPGzmzv2VBB8tUsQwF7JBrwEw==",
        "dependencies": {
          "TreeSitter.DotNet": "1.3.0"
        }
      },
      "StyleCop.Analyzers.Unstable": {
        "type": "Transitive",
        "resolved": "1.2.0.556",
        "contentHash": "zvn9Mqs/ox/83cpYPignI8hJEM2A93s2HkHs8HYMOAQW0PkampyoErAiIyKxgTLqbbad29HX/shv/6LGSjPJNQ=="
      },
      "TreeSitter.DotNet": {
        "type": "Transitive",
        "resolved": "1.3.0",
        "contentHash": "VFl5j5UguKI3BvdQ/bbHDrDP1FG7lkEjv9LZCQ01bPe4NuAiXQVnEfuFRWdJ8TA9NmY/D7qqGkj8CuD3ptiDDw=="
      },
      "expressif": {
        "type": "Project",
        "dependencies": {
          "Expressif.Syntax": "[0.29.0, )"
        }
      }
    },
    "net8.0/linux-musl-x64": {
      "Expressif.Syntax": {
        "type": "Transitive",
        "resolved": "0.29.0",
        "contentHash": "tfePgRVqH3IVww9K7CioNzZ0qlaqK6qBS8tXx2SuEKP8FyBW4LXbhBKp2SaAppPGzmzv2VBB8tUsQwF7JBrwEw==",
        "dependencies": {
          "TreeSitter.DotNet": "1.3.0"
        }
      },
      "TreeSitter.DotNet": {
        "type": "Transitive",
        "resolved": "1.3.0",
        "contentHash": "VFl5j5UguKI3BvdQ/bbHDrDP1FG7lkEjv9LZCQ01bPe4NuAiXQVnEfuFRWdJ8TA9NmY/D7qqGkj8CuD3ptiDDw=="
      }
    },
    "net8.0/linux-x64": {
      "Expressif.Syntax": {
        "type": "Transitive",
        "resolved": "0.29.0",
        "contentHash": "tfePgRVqH3IVww9K7CioNzZ0qlaqK6qBS8tXx2SuEKP8FyBW4LXbhBKp2SaAppPGzmzv2VBB8tUsQwF7JBrwEw==",
        "dependencies": {
          "TreeSitter.DotNet": "1.3.0"
        }
      },
      "TreeSitter.DotNet": {
        "type": "Transitive",
        "resolved": "1.3.0",
        "contentHash": "VFl5j5UguKI3BvdQ/bbHDrDP1FG7lkEjv9LZCQ01bPe4NuAiXQVnEfuFRWdJ8TA9NmY/D7qqGkj8CuD3ptiDDw=="
      }
    },
    "net8.0/win-arm64": {
      "Expressif.Syntax": {
        "type": "Transitive",
        "resolved": "0.29.0",
        "contentHash": "tfePgRVqH3IVww9K7CioNzZ0qlaqK6qBS8tXx2SuEKP8FyBW4LXbhBKp2SaAppPGzmzv2VBB8tUsQwF7JBrwEw==",
        "dependencies": {
          "TreeSitter.DotNet": "1.3.0"
        }
      },
      "TreeSitter.DotNet": {
        "type": "Transitive",
        "resolved": "1.3.0",
        "contentHash": "VFl5j5UguKI3BvdQ/bbHDrDP1FG7lkEjv9LZCQ01bPe4NuAiXQVnEfuFRWdJ8TA9NmY/D7qqGkj8CuD3ptiDDw=="
      }
    },
    "net8.0/win-x64": {
      "Expressif.Syntax": {
        "type": "Transitive",
        "resolved": "0.29.0",
        "contentHash": "tfePgRVqH3IVww9K7CioNzZ0qlaqK6qBS8tXx2SuEKP8FyBW4LXbhBKp2SaAppPGzmzv2VBB8tUsQwF7JBrwEw==",
        "dependencies": {
          "TreeSitter.DotNet": "1.3.0"
        }
      },
      "TreeSitter.DotNet": {
        "type": "Transitive",
        "resolved": "1.3.0",
        "contentHash": "VFl5j5UguKI3BvdQ/bbHDrDP1FG7lkEjv9LZCQ01bPe4NuAiXQVnEfuFRWdJ8TA9NmY/D7qqGkj8CuD3ptiDDw=="
      }
    },
    "net9.0": {
      "DotNet.ReproducibleBuilds": {
        "type": "Direct",
        "requested": "[2.0.5, )",
        "resolved": "2.0.5",
        "contentHash": "8LrlvI1KpjjJ4VGSqZ16yoOCKlQnYS+Y8rYNifNrscmVh5anJcF9E4e0NiDP30BHBMUbkoJ5KdcxoRWM7Pz9Aw=="
      },
      "PocketCsvReader": {
        "type": "Direct",
        "requested": "[2.36.34, )",
        "resolved": "2.36.34",
        "contentHash": "Cy9LjDvfXb4yf5/B6cSRIoFAzxXxehZptjZKNOYl2K5V9MCa1ny0yN7RaDFIfrA89tb/E87bGK/s9jF6SJLYGQ=="
      },
      "StyleCop.Analyzers": {
        "type": "Direct",
        "requested": "[1.2.0-beta.556, )",
        "resolved": "1.2.0-beta.556",
        "contentHash": "llRPgmA1fhC0I0QyFLEcjvtM2239QzKr/tcnbsjArLMJxJlu0AA5G7Fft0OI30pHF3MW63Gf4aSSsjc5m82J1Q==",
        "dependencies": {
          "StyleCop.Analyzers.Unstable": "1.2.0.556"
        }
      },
      "System.CommandLine": {
        "type": "Direct",
        "requested": "[2.*, )",
        "resolved": "2.0.11",
        "contentHash": "Pmg3/T0M37ZS3ovwPHtfBNTCdqNpnxo+tnZMg8JDHVR0qD8KwcPUKlheEiZysb1En8IyH7yDoa9QDq97Ny/vhQ=="
      },
      "Expressif.Syntax": {
        "type": "Transitive",
        "resolved": "0.29.0",
        "contentHash": "tfePgRVqH3IVww9K7CioNzZ0qlaqK6qBS8tXx2SuEKP8FyBW4LXbhBKp2SaAppPGzmzv2VBB8tUsQwF7JBrwEw==",
        "dependencies": {
          "TreeSitter.DotNet": "1.3.0"
        }
      },
      "StyleCop.Analyzers.Unstable": {
        "type": "Transitive",
        "resolved": "1.2.0.556",
        "contentHash": "zvn9Mqs/ox/83cpYPignI8hJEM2A93s2HkHs8HYMOAQW0PkampyoErAiIyKxgTLqbbad29HX/shv/6LGSjPJNQ=="
      },
      "TreeSitter.DotNet": {
        "type": "Transitive",
        "resolved": "1.3.0",
        "contentHash": "VFl5j5UguKI3BvdQ/bbHDrDP1FG7lkEjv9LZCQ01bPe4NuAiXQVnEfuFRWdJ8TA9NmY/D7qqGkj8CuD3ptiDDw=="
      },
      "expressif": {
        "type": "Project",
        "dependencies": {
          "Expressif.Syntax": "[0.29.0, )"
        }
      }
    },
    "net9.0/linux-musl-x64": {
      "Expressif.Syntax": {
        "type": "Transitive",
        "resolved": "0.29.0",
        "contentHash": "tfePgRVqH3IVww9K7CioNzZ0qlaqK6qBS8tXx2SuEKP8FyBW4LXbhBKp2SaAppPGzmzv2VBB8tUsQwF7JBrwEw==",
        "dependencies": {
          "TreeSitter.DotNet": "1.3.0"
        }
      },
      "TreeSitter.DotNet": {
        "type": "Transitive",
        "resolved": "1.3.0",
        "contentHash": "VFl5j5UguKI3BvdQ/bbHDrDP1FG7lkEjv9LZCQ01bPe4NuAiXQVnEfuFRWdJ8TA9NmY/D7qqGkj8CuD3ptiDDw=="
      }
    },
    "net9.0/linux-x64": {
      "Expressif.Syntax": {
        "type": "Transitive",
        "resolved": "0.29.0",
        "contentHash": "tfePgRVqH3IVww9K7CioNzZ0qlaqK6qBS8tXx2SuEKP8FyBW4LXbhBKp2SaAppPGzmzv2VBB8tUsQwF7JBrwEw==",
        "dependencies": {
          "TreeSitter.DotNet": "1.3.0"
        }
      },
      "TreeSitter.DotNet": {
        "type": "Transitive",
        "resolved": "1.3.0",
        "contentHash": "VFl5j5UguKI3BvdQ/bbHDrDP1FG7lkEjv9LZCQ01bPe4NuAiXQVnEfuFRWdJ8TA9NmY/D7qqGkj8CuD3ptiDDw=="
      }
    },
    "net9.0/win-arm64": {
      "Expressif.Syntax": {
        "type": "Transitive",
        "resolved": "0.29.0",
        "contentHash": "tfePgRVqH3IVww9K7CioNzZ0qlaqK6qBS8tXx2SuEKP8FyBW4LXbhBKp2SaAppPGzmzv2VBB8tUsQwF7JBrwEw==",
        "dependencies": {
          "TreeSitter.DotNet": "1.3.0"
        }
      },
      "TreeSitter.DotNet": {
        "type": "Transitive",
        "resolved": "1.3.0",
        "contentHash": "VFl5j5UguKI3BvdQ/bbHDrDP1FG7lkEjv9LZCQ01bPe4NuAiXQVnEfuFRWdJ8TA9NmY/D7qqGkj8CuD3ptiDDw=="
      }
    },
    "net9.0/win-x64": {
      "Expressif.Syntax": {
        "type": "Transitive",
        "resolved": "0.29.0",
        "contentHash": "tfePgRVqH3IVww9K7CioNzZ0qlaqK6qBS8tXx2SuEKP8FyBW4LXbhBKp2SaAppPGzmzv2VBB8tUsQwF7JBrwEw==",
        "dependencies": {
          "TreeSitter.DotNet": "1.3.0"
        }
      },
      "TreeSitter.DotNet": {
        "type": "Transitive",
        "resolved": "1.3.0",
        "contentHash": "VFl5j5UguKI3BvdQ/bbHDrDP1FG7lkEjv9LZCQ01bPe4NuAiXQVnEfuFRWdJ8TA9NmY/D7qqGkj8CuD3ptiDDw=="
      }
    }
  }
}